
Microsoft Visual Studio Solution File, Format Version 11.00
# Visual Studio 2010
Project("{FAE04EC0-301F-11D3-BF4B-00C04F79EFBC}") = "1-Reflection", "1-Reflection\1-Reflection.csproj", "{84B7D295-4661-4575-83ED-7202B9988170}"
EndProject
Project("{FAE04EC0-301F-11D3-BF4B-00C04F79EFBC}") = "EvolveCommon", "EvolveCommon\EvolveCommon.csproj", "{48529A22-9DE0-49CC-8D1F-C0E7C176CBDF}"
EndProject
Project("{FAE04EC0-301F-11D3-BF4B-00C04F79EFBC}") = "2-Element", "2-Element\2-Element.csproj", "{88549147-3517-4ECE-B2A6-21A88C2692E5}"
EndProject
Project("{FAE04EC0-301F-11D3-BF4B-00C04F79EFBC}") = "3-linq", "3-linq\3-linq.csproj", "{58861CD8-E988-4039-892C-740FE064729C}"
EndProject
Project("{FAE04EC0-301F-11D3-BF4B-00C04F79EFBC}") = "4-mixandmatch", "4-mixandmatch\4-mixandmatch.csproj", "{4FAFC94F-4405-4CB0-BDBA-2898FB1D845A}"
EndProject
Global
	GlobalSection(SolutionConfigurationPlatforms) = preSolution
		Debug|iPhoneSimulator = Debug|iPhoneSimulator
		Release|iPhoneSimulator = Release|iPhoneSimulator
		Debug|iPhone = Debug|iPhone
		Release|iPhone = Release|iPhone
		Ad-Hoc|iPhone = Ad-Hoc|iPhone
		AppStore|iPhone = AppStore|iPhone
	EndGlobalSection
	GlobalSection(ProjectConfigurationPlatforms) = postSolution
		{48529A22-9DE0-49CC-8D1F-C0E7C176CBDF}.Ad-Hoc|iPhone.ActiveCfg = Release|Any CPU
		{48529A22-9DE0-49CC-8D1F-C0E7C176CBDF}.Ad-Hoc|iPhone.Build.0 = Release|Any CPU
		{48529A22-9DE0-49CC-8D1F-C0E7C176CBDF}.AppStore|iPhone.ActiveCfg = Release|Any CPU
		{48529A22-9DE0-49CC-8D1F-C0E7C176CBDF}.AppStore|iPhone.Build.0 = Release|Any CPU
		{48529A22-9DE0-49CC-8D1F-C0E7C176CBDF}.Debug|iPhone.ActiveCfg = Debug|Any CPU
		{48529A22-9DE0-49CC-8D1F-C0E7C176CBDF}.Debug|iPhone.Build.0 = Debug|Any CPU
		{48529A22-9DE0-49CC-8D1F-C0E7C176CBDF}.Debug|iPhoneSimulator.ActiveCfg = Debug|Any CPU
		{48529A22-9DE0-49CC-8D1F-C0E7C176CBDF}.Debug|iPhoneSimulator.Build.0 = Debug|Any CPU
		{48529A22-9DE0-49CC-8D1F-C0E7C176CBDF}.Release|iPhone.ActiveCfg = Release|Any CPU
		{48529A22-9DE0-49CC-8D1F-C0E7C176CBDF}.Release|iPhone.Build.0 = Release|Any CPU
		{48529A22-9DE0-49CC-8D1F-C0E7C176CBDF}.Release|iPhoneSimulator.ActiveCfg = Release|Any CPU
		{48529A22-9DE0-49CC-8D1F-C0E7C176CBDF}.Release|iPhoneSimulator.Build.0 = Release|Any CPU
		{4FAFC94F-4405-4CB0-BDBA-2898FB1D845A}.Ad-Hoc|iPhone.ActiveCfg = Ad-Hoc|iPhone
		{4FAFC94F-4405-4CB0-BDBA-2898FB1D845A}.Ad-Hoc|iPhone.Build.0 = Ad-Hoc|iPhone
		{4FAFC94F-4405-4CB0-BDBA-2898FB1D845A}.AppStore|iPhone.ActiveCfg = AppStore|iPhone
		{4FAFC94F-4405-4CB0-BDBA-2898FB1D845A}.AppStore|iPhone.Build.0 = AppStore|iPhone
		{4FAFC94F-4405-4CB0-BDBA-2898FB1D845A}.Debug|iPhone.ActiveCfg = Debug|iPhone
		{4FAFC94F-4405-4CB0-BDBA-2898FB1D845A}.Debug|iPhone.Build.0 = Debug|iPhone
		{4FAFC94F-4405-4CB0-BDBA-2898FB1D845A}.Debug|iPhoneSimulator.ActiveCfg = Debug|iPhoneSimulator
		{4FAFC94F-4405-4CB0-BDBA-2898FB1D845A}.Debug|iPhoneSimulator.Build.0 = Debug|iPhoneSimulator
		{4FAFC94F-4405-4CB0-BDBA-2898FB1D845A}.Release|iPhone.ActiveCfg = Release|iPhone
		{4FAFC94F-4405-4CB0-BDBA-2898FB1D845A}.Release|iPhone.Build.0 = Release|iPhone
		{4FAFC94F-4405-4CB0-BDBA-2898FB1D845A}.Release|iPhoneSimulator.ActiveCfg = Release|iPhoneSimulator
		{4FAFC94F-4405-4CB0-BDBA-2898FB1D845A}.Release|iPhoneSimulator.Build.0 = Release|iPhoneSimulator
		{58861CD8-E988-4039-892C-740FE064729C}.Ad-Hoc|iPhone.ActiveCfg = Ad-Hoc|iPhone
		{58861CD8-E988-4039-892C-740FE064729C}.Ad-Hoc|iPhone.Build.0 = Ad-Hoc|iPhone
		{58861CD8-E988-4039-892C-740FE064729C}.AppStore|iPhone.ActiveCfg = AppStore|iPhone
		{58861CD8-E988-4039-892C-740FE064729C}.AppStore|iPhone.Build.0 = AppStore|iPhone
		{58861CD8-E988-4039-892C-740FE064729C}.Debug|iPhone.ActiveCfg = Debug|iPhone
		{58861CD8-E988-4039-892C-740FE064729C}.Debug|iPhone.Build.0 = Debug|iPhone
		{58861CD8-E988-4039-892C-740FE064729C}.Debug|iPhoneSimulator.ActiveCfg = Debug|iPhoneSimulator
		{58861CD8-E988-4039-892C-740FE064729C}.Debug|iPhoneSimulator.Build.0 = Debug|iPhoneSimulator
		{58861CD8-E988-4039-892C-740FE064729C}.Release|iPhone.ActiveCfg = Release|iPhone
		{58861CD8-E988-4039-892C-740FE064729C}.Release|iPhone.Build.0 = Release|iPhone
		{58861CD8-E988-4039-892C-740FE064729C}.Release|iPhoneSimulator.ActiveCfg = Release|iPhoneSimulator
		{58861CD8-E988-4039-892C-740FE064729C}.Release|iPhoneSimulator.Build.0 = Release|iPhoneSimulator
		{84B7D295-4661-4575-83ED-7202B9988170}.Ad-Hoc|iPhone.ActiveCfg = Ad-Hoc|iPhone
		{84B7D295-4661-4575-83ED-7202B9988170}.Ad-Hoc|iPhone.Build.0 = Ad-Hoc|iPhone
		{84B7D295-4661-4575-83ED-7202B9988170}.AppStore|iPhone.ActiveCfg = AppStore|iPhone
		{84B7D295-4661-4575-83ED-7202B9988170}.AppStore|iPhone.Build.0 = AppStore|iPhone
		{84B7D295-4661-4575-83ED-7202B9988170}.Debug|iPhone.ActiveCfg = Debug|iPhone
		{84B7D295-4661-4575-83ED-7202B9988170}.Debug|iPhone.Build.0 = Debug|iPhone
		{84B7D295-4661-4575-83ED-7202B9988170}.Debug|iPhoneSimulator.ActiveCfg = Debug|iPhoneSimulator
		{84B7D295-4661-4575-83ED-7202B9988170}.Debug|iPhoneSimulator.Build.0 = Debug|iPhoneSimulator
		{84B7D295-4661-4575-83ED-7202B9988170}.Release|iPhone.ActiveCfg = Release|iPhone
		{84B7D295-4661-4575-83ED-7202B9988170}.Release|iPhone.Build.0 = Release|iPhone
		{84B7D295-4661-4575-83ED-7202B9988170}.Release|iPhoneSimulator.ActiveCfg = Release|iPhoneSimulator
		{84B7D295-4661-4575-83ED-7202B9988170}.Release|iPhoneSimulator.Build.0 = Release|iPhoneSimulator
		{88549147-3517-4ECE-B2A6-21A88C2692E5}.Ad-Hoc|iPhone.ActiveCfg = Ad-Hoc|iPhone
		{88549147-3517-4ECE-B2A6-21A88C2692E5}.Ad-Hoc|iPhone.Build.0 = Ad-Hoc|iPhone
		{88549147-3517-4ECE-B2A6-21A88C2692E5}.AppStore|iPhone.ActiveCfg = AppStore|iPhone
		{88549147-3517-4ECE-B2A6-21A88C2692E5}.AppStore|iPhone.Build.0 = AppStore|iPhone
		{88549147-3517-4ECE-B2A6-21A88C2692E5}.Debug|iPhone.ActiveCfg = Debug|iPhone
		{88549147-3517-4ECE-B2A6-21A88C2692E5}.Debug|iPhone.Build.0 = Debug|iPhone
		{88549147-3517-4ECE-B2A6-21A88C2692E5}.Debug|iPhoneSimulator.ActiveCfg = Debug|iPhoneSimulator
		{88549147-3517-4ECE-B2A6-21A88C2692E5}.Debug|iPhoneSimulator.Build.0 = Debug|iPhoneSimulator
		{88549147-3517-4ECE-B2A6-21A88C2692E5}.Release|iPhone.ActiveCfg = Release|iPhone
		{88549147-3517-4ECE-B2A6-21A88C2692E5}.Release|iPhone.Build.0 = Release|iPhone
		{88549147-3517-4ECE-B2A6-21A88C2692E5}.Release|iPhoneSimulator.ActiveCfg = Release|iPhoneSimulator
		{88549147-3517-4ECE-B2A6-21A88C2692E5}.Release|iPhoneSimulator.Build.0 = Release|iPhoneSimulator
	EndGlobalSection
	GlobalSection(MonoDevelopProperties) = preSolution
		StartupItem = 4-mixandmatch\4-mixandmatch.csproj
	EndGlobalSection
EndGlobal
